
Microsoft Visual Studio Solution File, Format Version 12.00
# Visual Studio Version 17
VisualStudioVersion = 17.5.002.0
MinimumVisualStudioVersion = 10.0.40219.1
Project("{9A19103F-16F7-4668-BE54-9A1E7A4F7556}") = "CS001_Helloworld", "CS001_Helloworld.csproj", "{D1CE1C88-A22B-466F-B275-FE69B0247472}"
EndProject
Global
	GlobalSection(SolutionConfigurationPlatforms) = preSolution
		Debug|Any CPU = Debug|Any CPU
		Release|Any CPU = Release|Any CPU
	EndGlobalSection
	GlobalSection(ProjectConfigurationPlatforms) = postSolution
		{D1CE1C88-A22B-466F-B275-FE69B0247472}.Debug|Any CPU.ActiveCfg = Debug|Any CPU
		{D1CE1C88-A22B-466F-B275-FE69B0247472}.Debug|Any CPU.Build.0 = Debug|Any CPU
		{D1CE1C88-A22B-466F-B275-FE69B0247472}.Release|Any CPU.ActiveCfg = Release|Any CPU
		{D1CE1C88-A22B-466F-B275-FE69B0247472}.Release|Any CPU.Build.0 = Release|Any CPU
	EndGlobalSection
	GlobalSection(SolutionProperties) = preSolution
		HideSolutionNode = FALSE
	EndGlobalSection
	GlobalSection(ExtensibilityGlobals) = postSolution
		SolutionGuid = {CC68174B-E45C-4934-A840-4FB8EFFD1BE9}
	EndGlobalSection
EndGlobal
